
Microsoft Visual Studio Solution File, Format Version 12.00
# Visual Studio 14
VisualStudioVersion = 14.0.25123.0
MinimumVisualStudioVersion = 10.0.40219.1
Project("{FAE04EC0-301F-11D3-BF4B-00C04F79EFBC}") = "WebApplication", "WebApplication\WebApplication.csproj", "{01105E6A-5690-457D-8DE5-F6DCEF626883}"
EndProject
Project("{FAE04EC0-301F-11D3-BF4B-00C04F79EFBC}") = "WebApplication.Tests", "WebApplication.Tests\WebApplication.Tests.csproj", "{0CDABE58-C823-44F7-9C98-B2A9BBE3D406}"
EndProject
Global
	GlobalSection(SolutionConfigurationPlatforms) = preSolution
		Debug|.NET = Debug|.NET
		Debug|Any CPU = Debug|Any CPU
		Debug|ARM = Debug|ARM
		Debug|Mixed Platforms = Debug|Mixed Platforms
		Debug|x64 = Debug|x64
		Debug|x86 = Debug|x86
		Release|.NET = Release|.NET
		Release|Any CPU = Release|Any CPU
		Release|ARM = Release|ARM
		Release|Mixed Platforms = Release|Mixed Platforms
		Release|x64 = Release|x64
		Release|x86 = Release|x86
	EndGlobalSection
	GlobalSection(ProjectConfigurationPlatforms) = postSolution
		{01105E6A-5690-457D-8DE5-F6DCEF626883}.Debug|.NET.ActiveCfg = Debug|Any CPU
		{01105E6A-5690-457D-8DE5-F6DCEF626883}.Debug|.NET.Build.0 = Debug|Any CPU
		{01105E6A-5690-457D-8DE5-F6DCEF626883}.Debug|Any CPU.ActiveCfg = Debug|Any CPU
		{01105E6A-5690-457D-8DE5-F6DCEF626883}.Debug|Any CPU.Build.0 = Debug|Any CPU
		{01105E6A-5690-457D-8DE5-F6DCEF626883}.Debug|ARM.ActiveCfg = Debug|Any CPU
		{01105E6A-5690-457D-8DE5-F6DCEF626883}.Debug|ARM.Build.0 = Debug|Any CPU
		{01105E6A-5690-457D-8DE5-F6DCEF626883}.Debug|Mixed Platforms.ActiveCfg = Debug|Any CPU
		{01105E6A-5690-457D-8DE5-F6DCEF626883}.Debug|Mixed Platforms.Build.0 = Debug|Any CPU
		{01105E6A-5690-457D-8DE5-F6DCEF626883}.Debug|x64.ActiveCfg = Debug|Any CPU
		{01105E6A-5690-457D-8DE5-F6DCEF626883}.Debug|x64.Build.0 = Debug|Any CPU
		{01105E6A-5690-457D-8DE5-F6DCEF626883}.Debug|x86.ActiveCfg = Debug|Any CPU
		{01105E6A-5690-457D-8DE5-F6DCEF626883}.Debug|x86.Build.0 = Debug|Any CPU
		{01105E6A-5690-457D-8DE5-F6DCEF626883}.Release|.NET.ActiveCfg = Release|Any CPU
		{01105E6A-5690-457D-8DE5-F6DCEF626883}.Release|.NET.Build.0 = Release|Any CPU
		{01105E6A-5690-457D-8DE5-F6DCEF626883}.Release|Any CPU.ActiveCfg = Release|Any CPU
		{01105E6A-5690-457D-8DE5-F6DCEF626883}.Release|Any CPU.Build.0 = Release|Any CPU
		{01105E6A-5690-457D-8DE5-F6DCEF626883}.Release|ARM.ActiveCfg = Release|Any CPU
		{01105E6A-5690-457D-8DE5-F6DCEF626883}.Release|ARM.Build.0 = Release|Any CPU
		{01105E6A-5690-457D-8DE5-F6DCEF626883}.Release|Mixed Platforms.ActiveCfg = Release|Any CPU
		{01105E6A-5690-457D-8DE5-F6DCEF626883}.Release|Mixed Platforms.Build.0 = Release|Any CPU
		{01105E6A-5690-457D-8DE5-F6DCEF626883}.Release|x64.ActiveCfg = Release|Any CPU
		{01105E6A-5690-457D-8DE5-F6DCEF626883}.Release|x64.Build.0 = Release|Any CPU
		{01105E6A-5690-457D-8DE5-F6DCEF626883}.Release|x86.ActiveCfg = Release|Any CPU
		{01105E6A-5690-457D-8DE5-F6DCEF626883}.Release|x86.Build.0 = Release|Any CPU
		{0CDABE58-C823-44F7-9C98-B2A9BBE3D406}.Debug|.NET.ActiveCfg = Debug|Any CPU
		{0CDABE58-C823-44F7-9C98-B2A9BBE3D406}.Debug|.NET.Build.0 = Debug|Any CPU
		{0CDABE58-C823-44F7-9C98-B2A9BBE3D406}.Debug|Any CPU.ActiveCfg = Debug|Any CPU
		{0CDABE58-C823-44F7-9C98-B2A9BBE3D406}.Debug|Any CPU.Build.0 = Debug|Any CPU
		{0CDABE58-C823-44F7-9C98-B2A9BBE3D406}.Debug|ARM.ActiveCfg = Debug|Any CPU
		{0CDABE58-C823-44F7-9C98-B2A9BBE3D406}.Debug|ARM.Build.0 = Debug|Any CPU
		{0CDABE58-C823-44F7-9C98-B2A9BBE3D406}.Debug|Mixed Platforms.ActiveCfg = Debug|Any CPU
		{0CDABE58-C823-44F7-9C98-B2A9BBE3D406}.Debug|Mixed Platforms.Build.0 = Debug|Any CPU
		{0CDABE58-C823-44F7-9C98-B2A9BBE3D406}.Debug|x64.ActiveCfg = Debug|Any CPU
		{0CDABE58-C823-44F7-9C98-B2A9BBE3D406}.Debug|x64.Build.0 = Debug|Any CPU
		{0CDABE58-C823-44F7-9C98-B2A9BBE3D406}.Debug|x86.ActiveCfg = Debug|Any CPU
		{0CDABE58-C823-44F7-9C98-B2A9BBE3D406}.Debug|x86.Build.0 = Debug|Any CPU
		{0CDABE58-C823-44F7-9C98-B2A9BBE3D406}.Release|.NET.ActiveCfg = Release|Any CPU
		{0CDABE58-C823-44F7-9C98-B2A9BBE3D406}.Release|.NET.Build.0 = Release|Any CPU
		{0CDABE58-C823-44F7-9C98-B2A9BBE3D406}.Release|Any CPU.ActiveCfg = Release|Any CPU
		{0CDABE58-C823-44F7-9C98-B2A9BBE3D406}.Release|Any CPU.Build.0 = Release|Any CPU
		{0CDABE58-C823-44F7-9C98-B2A9BBE3D406}.Release|ARM.ActiveCfg = Release|Any CPU
		{0CDABE58-C823-44F7-9C98-B2A9BBE3D406}.Release|ARM.Build.0 = Release|Any CPU
		{0CDABE58-C823-44F7-9C98-B2A9BBE3D406}.Release|Mixed Platforms.ActiveCfg = Release|Any CPU
		{0CDABE58-C823-44F7-9C98-B2A9BBE3D406}.Release|Mixed Platforms.Build.0 = Release|Any CPU
		{0CDABE58-C823-44F7-9C98-B2A9BBE3D406}.Release|x64.ActiveCfg = Release|Any CPU
		{0CDABE58-C823-44F7-9C98-B2A9BBE3D406}.Release|x64.Build.0 = Release|Any CPU
		{0CDABE58-C823-44F7-9C98-B2A9BBE3D406}.Release|x86.ActiveCfg = Release|Any CPU
		{0CDABE58-C823-44F7-9C98-B2A9BBE3D406}.Release|x86.Build.0 = Release|Any CPU
	EndGlobalSection
	GlobalSection(SolutionProperties) = preSolution
		HideSolutionNode = FALSE
	EndGlobalSection
	GlobalSection(TestCaseManagementSettings) = postSolution
		CategoryFile = LTAF.vsmdi
	EndGlobalSection
EndGlobal
